%{"beaker": {:git, "https://github.com/col/beaker.git", "61355bcba884208c758dbc2f75e89d4fd4eea968", []},
  "bureaucrat": {:hex, :bureaucrat, "0.1.2"},
  "certifi": {:hex, :certifi, "0.3.0"},
  "connection": {:hex, :connection, "1.0.2"},
  "cowboy": {:hex, :cowboy, "1.0.4"},
  "cowlib": {:hex, :cowlib, "1.0.2"},
  "db_connection": {:hex, :db_connection, "0.2.4"},
  "decimal": {:hex, :decimal, "1.1.1"},
  "ecto": {:hex, :ecto, "1.1.5"},
  "hackney": {:hex, :hackney, "1.4.8"},
  "honeybadger": {:hex, :honeybadger, "0.4.0"},
  "httpoison": {:hex, :httpoison, "0.8.0"},
  "idna": {:hex, :idna, "1.0.3"},
  "mimerl": {:hex, :mimerl, "1.0.2"},
  "nadia": {:hex, :nadia, "0.3.3"},
  "plug": {:hex, :plug, "1.1.2"},
  "poison": {:hex, :poison, "1.5.2"},
  "poolboy": {:hex, :poolboy, "1.5.1"},
  "postgrex": {:hex, :postgrex, "0.11.1"},
  "ranch": {:hex, :ranch, "1.2.1"},
  "ssl_verify_hostname": {:hex, :ssl_verify_hostname, "1.0.5"}}
