%{"bbmustache": {:hex, :bbmustache, "1.0.4"},
  "certifi": {:hex, :certifi, "0.4.0"},
  "cf": {:hex, :cf, "0.2.1"},
  "edeliver": {:hex, :edeliver, "1.1.6"},
  "erlware_commons": {:hex, :erlware_commons, "0.19.0"},
  "exrm": {:hex, :exrm, "1.0.3"},
  "getopt": {:hex, :getopt, "0.8.2"},
  "hackney": {:hex, :hackney, "1.6.0"},
  "httpoison": {:hex, :httpoison, "0.8.3"},
  "idna": {:hex, :idna, "1.2.0"},
  "metrics": {:hex, :metrics, "1.0.1"},
  "mimerl": {:hex, :mimerl, "1.0.2"},
  "nadia": {:git, "https://github.com/zhyu/nadia.git", "f91ed3f33451ce8c1842245ea26a9c72caa84c12", []},
  "poison": {:hex, :poison, "2.1.0"},
  "providers": {:hex, :providers, "1.6.0"},
  "relx": {:hex, :relx, "3.19.0"},
  "ssl_verify_fun": {:hex, :ssl_verify_fun, "1.1.0"},
  "telegram": {:git, "https://github.com/col/telegram", "a7a9d6ce61edc8cf99de22fa20887a32589be264", []}}
